Microsoft Visual Studio Solution File, Format Version 12.00
# Visual Studio Version 17
VisualStudioVersion = 17.5.2.0
MinimumVisualStudioVersion = 10.0.40219.1
Project("{FAE04EC0-301F-11D3-BF4B-00C04F79EFBC}") = "book_api_sqlite", "book_api_sqlite.csproj", "{1741CA7F-EF58-2A2F-AC43-BDE62D29A030}"
EndProject
Global
	GlobalSection(SolutionConfigurationPlatforms) = preSolution
		Debug|Any CPU = Debug|Any CPU
		Release|Any CPU = Release|Any CPU
	EndGlobalSection
	GlobalSection(ProjectConfigurationPlatforms) = postSolution
		{1741CA7F-EF58-2A2F-AC43-BDE62D29A030}.Debug|Any CPU.ActiveCfg = Debug|Any CPU
		{1741CA7F-EF58-2A2F-AC43-BDE62D29A030}.Debug|Any CPU.Build.0 = Debug|Any CPU
		{1741CA7F-EF58-2A2F-AC43-BDE62D29A030}.Release|Any CPU.ActiveCfg = Release|Any CPU
		{1741CA7F-EF58-2A2F-AC43-BDE62D29A030}.Release|Any CPU.Build.0 = Release|Any CPU
	EndGlobalSection
	GlobalSection(SolutionProperties) = preSolution
		HideSolutionNode = FALSE
	EndGlobalSection
	GlobalSection(ExtensibilityGlobals) = postSolution
		SolutionGuid = {5EEC75F1-65BA-4662-8231-5EB3BA35573E}
	EndGlobalSection
EndGlobal
